{
  "version": 2,
  "dependencies": {
    "net10.0": {
      "Microsoft.NET.Test.Sdk": {
        "type": "Direct",
        "requested": "[18.10.1, )",
        "resolved": "18.10.1",
        "contentHash": "SxCFvJE/2ltUQgCgv6+Ixagohw4sZc9hM7Wid2foaNM7paBscktoHLoRDz91fW8wbHG87Rg9Ku59/8PXumqUrA==",
        "dependencies": {
          "Microsoft.CodeCoverage": "18.10.1",
          "Microsoft.TestPlatform.TestHost": "18.10.1"
        }
      },
      "xunit": {
        "type": "Direct",
        "requested": "[2.9.3, )",
        "resolved": "2.9.3",
        "contentHash": "TlXQBinK35LpOPKHAqbLY4xlEen9TBafjs0V5KnA4wZsoQLQJiirCR4CbIXvOH8NzkW4YeJKP5P/Bnrodm0h9Q==",
        "dependencies": {
          "xunit.analyzers": "1.18.0",
          "xunit.assert": "2.9.3",
          "xunit.core": "[2.9.3]"
        }
      },
      "xunit.runner.visualstudio": {
        "type": "Direct",
        "requested": "[4.0.0, )",
        "resolved": "4.0.0",
        "contentHash": "kzLFyBYUnoidpGOXvpNOfIo8C92gVgVR6X8ncHwhcrDYugiOut5rrhDkr0L3cWHd7J2pKXf6LgaeXoBBDlx1ag=="
      },
      "Microsoft.CodeCoverage": {
        "type": "Transitive",
        "resolved": "18.10.1",
        "contentHash": "tV7tCyp/t+DuwQugLkCeUN7NBFFB4fEGRPr0gkMQ2nQgAvQQjmGlZZi1dsLzbyoe/A0mbnKybmkIh8qhT9p4Zw=="
      },
      "Microsoft.EntityFrameworkCore": {
        "type": "Transitive",
        "resolved": "10.0.4",
        "contentHash": "kzTsfFK2GCytp6DDTfQOmxPU4gbGdrIlP7PxrxF3ESNLtfXrC8BoUVZENBN2WORlZPAD7CVX6AYIglgkpXQooA==",
        "dependencies": {
          "Microsoft.EntityFrameworkCore.Abstractions": "10.0.4",
          "Microsoft.EntityFrameworkCore.Analyzers": "10.0.4",
          "Microsoft.Extensions.Caching.Memory": "10.0.4",
          "Microsoft.Extensions.Logging": "10.0.4"
        }
      },
      "Microsoft.EntityFrameworkCore.Abstractions": {
        "type": "Transitive",
        "resolved": "10.0.4",
        "contentHash": "qDcJqCfN1XYyX0ID/Hd9/kQTRvlia8S+Yuwyl9uFhBIKnOCbl9WMdGQCzbZUKbkpkfvf3P9CDdXsnxHyE3O0Aw=="
      },
      "Microsoft.EntityFrameworkCore.Analyzers": {
        "type": "Transitive",
        "resolved": "10.0.4",
        "contentHash": "pQeMHCyD3yTtCEGnHV4VsgKUvrESo3MR5mnh8sgQ1hWYmI1YFsUutDowBIxkobeWRtaRmBqQAtF7XQFW6FWuNA=="
      },
      "Microsoft.EntityFrameworkCore.Relational": {
        "type": "Transitive",
        "resolved": "10.0.4",
        "contentHash": "DOTjTHy93W3TwpMLM4SCm0n57Sc0Jj3+m2S6LSTstKyBB34eT1UouaMS19mpWwvtj42+sRiEjA3+rOTNoNzXFQ==",
        "dependencies": {
          "Microsoft.EntityFrameworkCore": "10.0.4",
          "Microsoft.Extensions.Caching.Memory": "10.0.4",
          "Microsoft.Extensions.Configuration.Abstractions": "10.0.4",
          "Microsoft.Extensions.Logging": "10.0.4"
        }
      },
      "Microsoft.Extensions.AI.Abstractions": {
        "type": "Transitive",
        "resolved": "10.8.3",
        "contentHash": "K0B05oApxmviWalNHPMBBcRC7erKiDATz3ENNR/jqTR9JwIwLRefgDhj2jCRwL1aca99pXUe0qyQC73/xIuZig=="
      },
      "Microsoft.Extensions.Caching.Abstractions": {
        "type": "Transitive",
        "resolved": "10.0.10",
        "contentHash": "4ZFBNE+jzR+CrWWlhOesnmywCW7pYKT0dxyAQRdL11yJwxe4jvcAu31eorFtEkoFeCDcUTeNssgPv2yaRRptaQ==",
        "dependencies": {
          "Microsoft.Extensions.Primitives": "10.0.10"
        }
      },
      "Microsoft.Extensions.Caching.Memory": {
        "type": "Transitive",
        "resolved": "10.0.4",
        "contentHash": "CLLussNUMdSbyJOu4VBF7sqskHGB/5N1EcFzrqG/HsPATN8fCRUcfp0qns1VwkxKHwxrtYCh5FKe+kM81Q1PHA==",
        "dependencies": {
          "Microsoft.Extensions.Caching.Abstractions": "10.0.4",
          "Microsoft.Extensions.DependencyInjection.Abstractions": "10.0.4",
          "Microsoft.Extensions.Logging.Abstractions": "10.0.4",
          "Microsoft.Extensions.Options": "10.0.4",
          "Microsoft.Extensions.Primitives": "10.0.4"
        }
      },
      "Microsoft.Extensions.Configuration": {
        "type": "Transitive",
        "resolved": "10.0.0",
        "contentHash": "H4SWETCh/cC5L1WtWchHR6LntGk3rDTTznZMssr4cL8IbDmMWBxY+MOGDc/ASnqNolLKPIWHWeuC1ddiL/iNPw==",
        "dependencies": {
          "Microsoft.Extensions.Configuration.Abstractions": "10.0.0",
          "Microsoft.Extensions.Primitives": "10.0.0"
        }
      },
      "Microsoft.Extensions.Configuration.Abstractions": {
        "type": "Transitive",
        "resolved": "10.0.10",
        "contentHash": "5Vnd2I75DmZCVEjSynIdJ/0EGafgnLQwgR3t2C2/fkjx/nRG+cLwxLLdInoHeCEpkD5K4Ov/g9ZCRYrl4TRsaA==",
        "dependencies": {
          "Microsoft.Extensions.Primitives": "10.0.10"
        }
      },
      "Microsoft.Extensions.Configuration.Binder": {
        "type": "Transitive",
        "resolved": "10.0.0",
        "contentHash": "tMF9wNh+hlyYDWB8mrFCQHQmWHlRosol1b/N2Jrefy1bFLnuTlgSYmPyHNmz8xVQgs7DpXytBRWxGhG+mSTp0g==",
        "dependencies": {
          "Microsoft.Extensions.Configuration": "10.0.0",
          "Microsoft.Extensions.Configuration.Abstractions": "10.0.0"
        }
      },
      "Microsoft.Extensions.Configuration.EnvironmentVariables": {
        "type": "Transitive",
        "resolved": "10.0.0",
        "contentHash": "TmFegsI/uCdwMBD4yKpmO+OkjVNHQL49Dh/ep83NI5rPUEoBK9OdsJo1zURc1A2FuS/R/Pos3wsTjlyLnguBLA==",
        "dependencies": {
          "Microsoft.Extensions.Configuration": "10.0.0",
          "Microsoft.Extensions.Configuration.Abstractions": "10.0.0"
        }
      },
      "Microsoft.Extensions.DependencyInjection": {
        "type": "Transitive",
        "resolved": "10.0.4",
        "contentHash": "NkvJ8aSr3AG30yabjv7ZWwTG/wq5OElNTlNq39Ok2HSEF3TIwAc1f1xnTJlR/GuoJmEgkfT7WBO9YbSXRk41+g==",
        "dependencies": {
          "Microsoft.Extensions.DependencyInjection.Abstractions": "10.0.4"
        }
      },
      "Microsoft.Extensions.DependencyInjection.Abstractions": {
        "type": "Transitive",
        "resolved": "10.0.10",
        "contentHash": "z/2xXlFw2aLGjHyEm6E0tQ+In6VfzQzTrtArbQ2c0TQE16ZbyDCMGPvaUT9I0s8rgy9sRWlU2P9waW37qV04qA=="
      },
      "Microsoft.Extensions.Diagnostics.Abstractions": {
        "type": "Transitive",
        "resolved": "10.0.10",
        "contentHash": "9uWiKpeOVac355STyChWR/pliFX/5CeLqChW9kKsaxyDH4EUTZxMkT4Jwp/J/peLm0GBFmSX5c0WCse3yCnq1Q==",
        "dependencies": {
          "Microsoft.Extensions.DependencyInjection.Abstractions": "10.0.10",
          "Microsoft.Extensions.Options": "10.0.10"
        }
      },
      "Microsoft.Extensions.FileProviders.Abstractions": {
        "type": "Transitive",
        "resolved": "10.0.10",
        "contentHash": "c5zqFCY9DiIpMovLd7/d/CTiEtrMOuQ639dhv3PABtKQIKNQikSHwQt8+N679uii9q+B55lgK28Uv64FOwEu8w==",
        "dependencies": {
          "Microsoft.Extensions.Primitives": "10.0.10"
        }
      },
      "Microsoft.Extensions.Hosting.Abstractions": {
        "type": "Transitive",
        "resolved": "10.0.10",
        "contentHash": "5LugpYGHk+mkn0a8IZgcyfBca8PCTAU9RQFoMrTdtOOidq88M2SI5f3px6ugnzgxC+eTkvYYJi8pzlUnG5xdAQ==",
        "dependencies": {
          "Microsoft.Extensions.Configuration.Abstractions": "10.0.10",
          "Microsoft.Extensions.DependencyInjection.Abstractions": "10.0.10",
          "Microsoft.Extensions.Diagnostics.Abstractions": "10.0.10",
          "Microsoft.Extensions.FileProviders.Abstractions": "10.0.10",
          "Microsoft.Extensions.Logging.Abstractions": "10.0.10"
        }
      },
      "Microsoft.Extensions.Logging": {
        "type": "Transitive",
        "resolved": "10.0.4",
        "contentHash": "S8+6fCuMOhJZGk8sGFtOy3VsF9mk9x4UOL59GM91REiA/fmCDjunKKIw4RmStG87qyXPfxelDJf2pXIbTuaBdw==",
        "dependencies": {
          "Microsoft.Extensions.DependencyInjection": "10.0.4",
          "Microsoft.Extensions.Logging.Abstractions": "10.0.4",
          "Microsoft.Extensions.Options": "10.0.4"
        }
      },
      "Microsoft.Extensions.Logging.Abstractions": {
        "type": "Transitive",
        "resolved": "10.0.10",
        "contentHash": "zkFxGYUvdxAvIKTyXHrmW+Sux53D4SezD9dMyZ6hrwwzPQJNuwCRy1f5W7AvYTqacEGhWF2XderRQG1OvbV8og==",
        "dependencies": {
          "Microsoft.Extensions.DependencyInjection.Abstractions": "10.0.10"
        }
      },
      "Microsoft.Extensions.Logging.Configuration": {
        "type": "Transitive",
        "resolved": "10.0.0",
        "contentHash": "j8zcwhS6bYB6FEfaY3nYSgHdpiL2T+/V3xjpHtslVAegyI1JUbB9yAt/BFdvZdsNbY0Udm4xFtvfT/hUwcOOOg==",
        "dependencies": {
          "Microsoft.Extensions.Configuration": "10.0.0",
          "Microsoft.Extensions.Configuration.Abstractions": "10.0.0",
          "Microsoft.Extensions.Configuration.Binder": "10.0.0",
          "Microsoft.Extensions.DependencyInjection.Abstractions": "10.0.0",
          "Microsoft.Extensions.Logging": "10.0.0",
          "Microsoft.Extensions.Logging.Abstractions": "10.0.0",
          "Microsoft.Extensions.Options": "10.0.0",
          "Microsoft.Extensions.Options.ConfigurationExtensions": "10.0.0"
        }
      },
      "Microsoft.Extensions.Options": {
        "type": "Transitive",
        "resolved": "10.0.10",
        "contentHash": "srnhnk7nE8krBiIXp71LvBmKBtraBONWSRzdjJgRv1Ko9Mp8IVNqv4vIS9hGeVteBig8aQkva9ZG+sC+o5sVcA==",
        "dependencies": {
          "Microsoft.Extensions.DependencyInjection.Abstractions": "10.0.10",
          "Microsoft.Extensions.Primitives": "10.0.10"
        }
      },
      "Microsoft.Extensions.Options.ConfigurationExtensions": {
        "type": "Transitive",
        "resolved": "10.0.0",
        "contentHash": "tL9cSl3maS5FPzp/3MtlZI21ExWhni0nnUCF8HY4npTsINw45n9SNDbkKXBMtFyUFGSsQep25fHIDN4f/Vp3AQ==",
        "dependencies": {
          "Microsoft.Extensions.Configuration.Abstractions": "10.0.0",
          "Microsoft.Extensions.Configuration.Binder": "10.0.0",
          "Microsoft.Extensions.DependencyInjection.Abstractions": "10.0.0",
          "Microsoft.Extensions.Options": "10.0.0",
          "Microsoft.Extensions.Primitives": "10.0.0"
        }
      },
      "Microsoft.Extensions.Primitives": {
        "type": "Transitive",
        "resolved": "10.0.10",
        "contentHash": "5wu/GrYVd8mG2DVUw3vFJzF+O336TyTGg/Kmcgw9bfwYhCoFiV5lR5QeEmKecJyrW4W54nMfD3p3589E8a7czQ=="
      },
      "Microsoft.TestPlatform.ObjectModel": {
        "type": "Transitive",
        "resolved": "18.10.1",
        "contentHash": "o+PuLDRVp1iwiVAPBADZItXgm9Ck23XtPhE4kZtZVi0uYnMiiz1Dx9Cjh75kJ+ijfqnORL3VOTOaQVKi0f/ixg=="
      },
      "Microsoft.TestPlatform.TestHost": {
        "type": "Transitive",
        "resolved": "18.10.1",
        "contentHash": "KYz2omqkoz9E2mWa4fdgT+Ycie1wi5968EmyJlusjlp87RxxtA2FvDm8tcBEYIDzLnkWGnsKjE4d13Z7/rxkQA==",
        "dependencies": {
          "Microsoft.TestPlatform.ObjectModel": "18.10.1"
        }
      },
      "ModelContextProtocol.Core": {
        "type": "Transitive",
        "resolved": "2.2.0",
        "contentHash": "FeBfXU6T8k+jw4afg4sfxdEX2rL/e5oKOk9ROOGztu9k47+7Bz08sdaToYt2XvMY1opNbwxYQOFMj6wH9TInhA==",
        "dependencies": {
          "Microsoft.Extensions.AI.Abstractions": "10.8.3",
          "Microsoft.Extensions.Logging.Abstractions": "10.0.10"
        }
      },
      "Npgsql": {
        "type": "Transitive",
        "resolved": "10.0.3",
        "contentHash": "7nb5YzXuvWWJxB0J8DiyL3we+X4FOctZrt0fIBnucOIaIevFEEwGQVZKtiu9olXdlNAK1eNgqSral6r/jlhI4w==",
        "dependencies": {
          "Microsoft.Extensions.Logging.Abstractions": "10.0.0"
        }
      },
      "OpenTelemetry": {
        "type": "Transitive",
        "resolved": "1.19.1",
        "contentHash": "6ywhc3upf+dq8EsOohj7I7zS3l4yX9vfbtFkvyEC8xIUY4Z9iDIOVuke356eCAzIZaWtmwmmyl2UXYCp5n7I3Q==",
        "dependencies": {
          "Microsoft.Extensions.Configuration.EnvironmentVariables": "10.0.0",
          "Microsoft.Extensions.Diagnostics.Abstractions": "10.0.0",
          "Microsoft.Extensions.Logging.Configuration": "10.0.0",
          "OpenTelemetry.Api.ProviderBuilderExtensions": "1.19.1"
        }
      },
      "OpenTelemetry.Api": {
        "type": "Transitive",
        "resolved": "1.19.1",
        "contentHash": "9JKIH+xrV0HNTFjQC8zrx9gZpDOMEljN5Htg/U0VE2IvO3N+7bKALCCsGy5tp09marX5dd8UkrgQFoLaulIBRw=="
      },
      "OpenTelemetry.Api.ProviderBuilderExtensions": {
        "type": "Transitive",
        "resolved": "1.19.1",
        "contentHash": "HtGe72B/IhzKqdU0a3fNE5osax/Cegwxd+p4u6lOFy20nsgmeaFuP2NRyFs1WvrOv/bpkII3IvvBkKoZXG8BLg==",
        "dependencies": {
          "Microsoft.Extensions.DependencyInjection.Abstractions": "10.0.0",
          "OpenTelemetry.Api": "1.19.1"
        }
      },
      "RESPite": {
        "type": "Transitive",
        "resolved": "3.3.1",
        "contentHash": "1Ky6rOjP9YjA8eXWWSJDTSRgVQiRXwsKnET+X5hDuONJqq8KbYLQrTUjMg8gsdyKzwj74ivEioTuQd4mVhthdQ=="
      },
      "System.ClientModel": {
        "type": "Transitive",
        "resolved": "1.15.0",
        "contentHash": "y6zQLInrpX+oGL1gXM04DrUSu1O1esWxt4rD/zrujTnzIFChn/noD1OiVVpTrU8ZvglwqO2Uw038svUR3SiAOg==",
        "dependencies": {
          "Microsoft.Extensions.Configuration.Abstractions": "10.0.9",
          "Microsoft.Extensions.Hosting.Abstractions": "10.0.9",
          "Microsoft.Extensions.Logging.Abstractions": "10.0.9",
          "System.Memory.Data": "10.0.9"
        }
      },
      "System.IO.Hashing": {
        "type": "Transitive",
        "resolved": "10.0.12",
        "contentHash": "jDix4bBMYnpZdSPcnY+KDV6ik3SRMzpMKby/bZl/XUwIiflwRNAFZ0oOl61R/pSaveIJ8t1gs2BUlrGsPs/bcg=="
      },
      "System.Memory.Data": {
        "type": "Transitive",
        "resolved": "10.0.9",
        "contentHash": "YweovHiLUoEdbr2Xv8eRqCSkTu1vMms4a6xBHaQiMSFVy32PL+hXv6Vhol2NWOmLHjaVgTyhJ3R52U6JxS6w3Q=="
      },
      "xunit.abstractions": {
        "type": "Transitive",
        "resolved": "2.0.3",
        "contentHash": "pot1I4YOxlWjIb5jmwvvQNbTrZ3lJQ+jUGkGjWE3hEFM0l5gOnBWS+H3qsex68s5cO52g+44vpGzhAt+42vwKg=="
      },
      "xunit.analyzers": {
        "type": "Transitive",
        "resolved": "1.18.0",
        "contentHash": "OtFMHN8yqIcYP9wcVIgJrq01AfTxijjAqVDy/WeQVSyrDC1RzBWeQPztL49DN2syXRah8TYnfvk035s7L95EZQ=="
      },
      "xunit.assert": {
        "type": "Transitive",
        "resolved": "2.9.3",
        "contentHash": "/Kq28fCE7MjOV42YLVRAJzRF0WmEqsmflm0cfpMjGtzQ2lR5mYVj1/i0Y8uDAOLczkL3/jArrwehfMD0YogMAA=="
      },
      "xunit.core": {
        "type": "Transitive",
        "resolved": "2.9.3",
        "contentHash": "BiAEvqGvyme19wE0wTKdADH+NloYqikiU0mcnmiNyXaF9HyHmE6sr/3DC5vnBkgsWaE6yPyWszKSPSApWdRVeQ==",
        "dependencies": {
          "xunit.extensibility.core": "[2.9.3]",
          "xunit.extensibility.execution": "[2.9.3]"
        }
      },
      "xunit.extensibility.core": {
        "type": "Transitive",
        "resolved": "2.9.3",
        "contentHash": "kf3si0YTn2a8J8eZNb+zFpwfoyvIrQ7ivNk5ZYA5yuYk1bEtMe4DxJ2CF/qsRgmEnDr7MnW1mxylBaHTZ4qErA==",
        "dependencies": {
          "xunit.abstractions": "2.0.3"
        }
      },
      "xunit.extensibility.execution": {
        "type": "Transitive",
        "resolved": "2.9.3",
        "contentHash": "yMb6vMESlSrE3Wfj7V6cjQ3S4TXdXpRqYeNEI3zsX31uTsGMJjEw6oD5F5u1cHnMptjhEECnmZSsPxB6ChZHDQ==",
        "dependencies": {
          "xunit.extensibility.core": "[2.9.3]"
        }
      },
      "expenseguard.agent": {
        "type": "Project",
        "dependencies": {
          "ExpenseGuard.Domain": "[1.0.0, )",
          "ExpenseGuard.McpClient": "[1.0.0, )",
          "OpenAI": "[2.14.0, )"
        }
      },
      "expenseguard.domain": {
        "type": "Project"
      },
      "expenseguard.mcpclient": {
        "type": "Project",
        "dependencies": {
          "ModelContextProtocol": "[2.2.0, )"
        }
      },
      "expenseguard.servicedefaults": {
        "type": "Project",
        "dependencies": {
          "Npgsql.EntityFrameworkCore.PostgreSQL": "[10.0.3, )",
          "OpenTelemetry.Exporter.OpenTelemetryProtocol": "[1.19.1, )",
          "OpenTelemetry.Extensions.Hosting": "[1.19.1, )",
          "OpenTelemetry.Instrumentation.AspNetCore": "[1.19.0, )",
          "OpenTelemetry.Instrumentation.Http": "[1.19.0, )",
          "StackExchange.Redis": "[3.3.1, )"
        }
      },
      "expenseguard.worker": {
        "type": "Project",
        "dependencies": {
          "ExpenseGuard.Agent": "[1.0.0, )",
          "ExpenseGuard.ServiceDefaults": "[1.0.0, )"
        }
      },
      "ModelContextProtocol": {
        "type": "CentralTransitive",
        "requested": "[2.2.0, )",
        "resolved": "2.2.0",
        "contentHash": "4Pb9u02Nwsp0poueDsqNdyGRojFxOYpljB7zDBsq+aHL+Afou3OgxlBc3GWFVnsRMRJrUtWqDh3s6k2JgPzmrQ==",
        "dependencies": {
          "Microsoft.Extensions.Caching.Abstractions": "10.0.10",
          "Microsoft.Extensions.Hosting.Abstractions": "10.0.10",
          "ModelContextProtocol.Core": "[2.2.0]"
        }
      },
      "Npgsql.EntityFrameworkCore.PostgreSQL": {
        "type": "CentralTransitive",
        "requested": "[10.0.3, )",
        "resolved": "10.0.3",
        "contentHash": "IPGrrZnRkuW7OlHDhUESZz4G5DLkW7Nej/O3Cx+0iTsgyU5XJxBgpsvTHLloo3WWuAKKbDHXBvWPVkX1deRh1Q==",
        "dependencies": {
          "Microsoft.EntityFrameworkCore": "[10.0.4, 11.0.0)",
          "Microsoft.EntityFrameworkCore.Relational": "[10.0.4, 11.0.0)",
          "Npgsql": "10.0.3"
        }
      },
      "OpenAI": {
        "type": "CentralTransitive",
        "requested": "[2.14.0, )",
        "resolved": "2.14.0",
        "contentHash": "AeyC3GxbrJ7KRoWDyFeNSUOQQWD9AnNvM7LYQijCcXcqjyr53aGRcf5GBLExcSBzIs0RWYHe+NbzPrHTeuU5zA==",
        "dependencies": {
          "System.ClientModel": "1.15.0"
        }
      },
      "OpenTelemetry.Exporter.OpenTelemetryProtocol": {
        "type": "CentralTransitive",
        "requested": "[1.19.1, )",
        "resolved": "1.19.1",
        "contentHash": "vsYYOBf/KxNubnuoja8pjJ9LG0zCC9HAYPay+R6N5ZKZMbhNdKWbaq6JZqJqTvK+55rudiqErJySekf9ql8okA==",
        "dependencies": {
          "OpenTelemetry": "1.19.1"
        }
      },
      "OpenTelemetry.Extensions.Hosting": {
        "type": "CentralTransitive",
        "requested": "[1.19.1, )",
        "resolved": "1.19.1",
        "contentHash": "3qqZfVmW8mKA2/fRwI83o8z+yZd33KbEqRlXrlX0+3e/U7i+z0MQiCr0L3Axxa0jGdiylIrpWX4DIT9nAbJ00A==",
        "dependencies": {
          "Microsoft.Extensions.Hosting.Abstractions": "10.0.0",
          "OpenTelemetry": "1.19.1"
        }
      },
      "OpenTelemetry.Instrumentation.AspNetCore": {
        "type": "CentralTransitive",
        "requested": "[1.19.0, )",
        "resolved": "1.19.0",
        "contentHash": "reypo7g0Nzyssg1EkbfWU6W58CVFgtgkSEGrFXtbpA+bNit7HUs7587DOkOdPCgqWr3IL4f6X9B2yhnU6POrFA==",
        "dependencies": {
          "OpenTelemetry.Api.ProviderBuilderExtensions": "[1.19.0, 2.0.0)"
        }
      },
      "OpenTelemetry.Instrumentation.Http": {
        "type": "CentralTransitive",
        "requested": "[1.19.0, )",
        "resolved": "1.19.0",
        "contentHash": "+egJpWBRfYP3ldfexV2bmJyzOWkkOPVYikw/vUEtbUvf2exJfY3RGInXrYlubhBIH6rmNEn6sI/FmqenZJwkjw==",
        "dependencies": {
          "Microsoft.Extensions.Configuration": "10.0.0",
          "Microsoft.Extensions.Options": "10.0.0",
          "OpenTelemetry.Api.ProviderBuilderExtensions": "[1.19.0, 2.0.0)"
        }
      },
      "StackExchange.Redis": {
        "type": "CentralTransitive",
        "requested": "[3.3.1, )",
        "resolved": "3.3.1",
        "contentHash": "AnA3ZuYnOQl2Hh/PXqV+JagA6QO8hiHovHBOc0PKz+uafVSsI0lYPQy8D0rklCC5Wpmc9MznEw+Lpt8e+LaB9w==",
        "dependencies": {
          "Microsoft.Extensions.Logging.Abstractions": "10.0.5",
          "RESPite": "3.3.1",
          "System.IO.Hashing": "10.0.12"
        }
      }
    }
  }
}